
Microsoft Visual Studio Solution File, Format Version 12.00
# Visual Studio Version 17
VisualStudioVersion = 17.11.35208.52
MinimumVisualStudioVersion = 10.0.40219.1
Project("{9A19103F-16F7-4668-BE54-9A1E7A4F7556}") = "Libri.API", "Libri.API\Libri.API.csproj", "{5E00C9A1-A22C-4D09-BB52-1CE73764E92F}"
EndProject
Project("{9A19103F-16F7-4668-BE54-9A1E7A4F7556}") = "Libri.DAL", "Libri.DAL\Libri.DAL.csproj", "{9D459A64-40BA-4C5B-978C-FF96AF3EE054}"
EndProject
Project("{9A19103F-16F7-4668-BE54-9A1E7A4F7556}") = "Libri.BAL", "Libri.BAL\Libri.BAL.csproj", "{1D7AB033-EA30-4427-8877-1187CF3B1832}"
EndProject
Global
	GlobalSection(SolutionConfigurationPlatforms) = preSolution
		Debug|Any CPU = Debug|Any CPU
		Release|Any CPU = Release|Any CPU
	EndGlobalSection
	GlobalSection(ProjectConfigurationPlatforms) = postSolution
		{5E00C9A1-A22C-4D09-BB52-1CE73764E92F}.Debug|Any CPU.ActiveCfg = Debug|Any CPU
		{5E00C9A1-A22C-4D09-BB52-1CE73764E92F}.Debug|Any CPU.Build.0 = Debug|Any CPU
		{5E00C9A1-A22C-4D09-BB52-1CE73764E92F}.Release|Any CPU.ActiveCfg = Release|Any CPU
		{5E00C9A1-A22C-4D09-BB52-1CE73764E92F}.Release|Any CPU.Build.0 = Release|Any CPU
		{9D459A64-40BA-4C5B-978C-FF96AF3EE054}.Debug|Any CPU.ActiveCfg = Debug|Any CPU
		{9D459A64-40BA-4C5B-978C-FF96AF3EE054}.Debug|Any CPU.Build.0 = Debug|Any CPU
		{9D459A64-40BA-4C5B-978C-FF96AF3EE054}.Release|Any CPU.ActiveCfg = Release|Any CPU
		{9D459A64-40BA-4C5B-978C-FF96AF3EE054}.Release|Any CPU.Build.0 = Release|Any CPU
		{1D7AB033-EA30-4427-8877-1187CF3B1832}.Debug|Any CPU.ActiveCfg = Debug|Any CPU
		{1D7AB033-EA30-4427-8877-1187CF3B1832}.Debug|Any CPU.Build.0 = Debug|Any CPU
		{1D7AB033-EA30-4427-8877-1187CF3B1832}.Release|Any CPU.ActiveCfg = Release|Any CPU
		{1D7AB033-EA30-4427-8877-1187CF3B1832}.Release|Any CPU.Build.0 = Release|Any CPU
	EndGlobalSection
	GlobalSection(SolutionProperties) = preSolution
		HideSolutionNode = FALSE
	EndGlobalSection
	GlobalSection(ExtensibilityGlobals) = postSolution
		SolutionGuid = {C171B62E-41A4-495B-B29B-377BB7054916}
	EndGlobalSection
EndGlobal
